// !$*UTF8*$!
{
	archiveVersion = 1;
	classes = {
	};
	objectVersion = 55;
	objects = {

/* Begin PBXBuildFile section */
		AE3D3BE02785A65E00B14636 /* DetailNote.swift in Sources */ = {isa = PBXBuildFile; fileRef = AE3D3BDF2785A65E00B14636 /* DetailNote.swift */; };
		AE42867D278B27D6003352F8 /* Tools.swift in Sources */ = {isa = PBXBuildFile; fileRef = AE42867C278B27D6003352F8 /* Tools.swift */; };
		AEFB4EE027830FC400169753 /* NotesApp WatchKit App.app in Embed Watch Content */ = {isa = PBXBuildFile; fileRef = AEFB4EDF27830FC400169753 /* NotesApp WatchKit App.app */; settings = {ATTRIBUTES = (RemoveHeadersOnCopy, ); }; };
		AEFB4EE527830FC500169753 /* Assets.xcassets in Resources */ = {isa = PBXBuildFile; fileRef = AEFB4EE427830FC500169753 /* Assets.xcassets */; };
		AEFB4EEB27830FC500169753 /* NotesApp WatchKit Extension.appex in Embed App Extensions */ = {isa = PBXBuildFile; fileRef = AEFB4EEA27830FC500169753 /* NotesApp WatchKit Extension.appex */; settings = {ATTRIBUTES = (RemoveHeadersOnCopy, ); }; };
		AEFB4EF027830FC500169753 /* ContentView.swift in Sources */ = {isa = PBXBuildFile; fileRef = AEFB4EEF27830FC500169753 /* ContentView.swift */; };
		AEFB4EF227830FC500169753 /* NotesAppApp.swift in Sources */ = {isa = PBXBuildFile; fileRef = AEFB4EF127830FC500169753 /* NotesAppApp.swift */; };
		AEFB4EF427830FC500169753 /* ComplicationController.swift in Sources */ = {isa = PBXBuildFile; fileRef = AEFB4EF327830FC500169753 /* ComplicationController.swift */; };
		AEFB4EF627830FC600169753 /* Assets.xcassets in Resources */ = {isa = PBXBuildFile; fileRef = AEFB4EF527830FC600169753 /* Assets.xcassets */; };
		AEFB4EF927830FC600169753 /* Preview Assets.xcassets in Resources */ = {isa = PBXBuildFile; fileRef = AEFB4EF827830FC600169753 /* Preview Assets.xcassets */; };
		AEFB4F09278319FC00169753 /* Note.swift in Sources */ = {isa = PBXBuildFile; fileRef = AEFB4F08278319FC00169753 /* Note.swift */; };
		AEFB4F0B27831F2C00169753 /* AddNote.swift in Sources */ = {isa = PBXBuildFile; fileRef = AEFB4F0A27831F2C00169753 /* AddNote.swift */; };
		AEFB4F0D27834ADD00169753 /* ListNotes.swift in Sources */ = {isa = PBXBuildFile; fileRef = AEFB4F0C27834ADD00169753 /* ListNotes.swift */; };
/* End PBXBuildFile section */

/* Begin PBXContainerItemProxy section */
		AEFB4EE127830FC400169753 /* PBXContainerItemProxy */ = {
			isa = PBXContainerItemProxy;
			containerPortal = AEFB4ED527830FC400169753 /* Project object */;
			proxyType = 1;
			remoteGlobalIDString = AEFB4EDE27830FC400169753;
			remoteInfo = "NotesApp WatchKit App";
		};
		AEFB4EEC27830FC500169753 /* PBXContainerItemProxy */ = {
			isa = PBXContainerItemProxy;
			containerPortal = AEFB4ED527830FC400169753 /* Project object */;
			proxyType = 1;
			remoteGlobalIDString = AEFB4EE927830FC500169753;
			remoteInfo = "NotesApp WatchKit Extension";
		};
/* End PBXContainerItemProxy section */

/* Begin PBXCopyFilesBuildPhase section */
		AEFB4F0027830FC600169753 /* Embed App Extensions */ = {
			isa = PBXCopyFilesBuildPhase;
			buildActionMask = 2147483647;
			dstPath = "";
			dstSubfolderSpec = 13;
			files = (
				AEFB4EEB27830FC500169753 /* NotesApp WatchKit Extension.appex in Embed App Extensions */,
			);
			name = "Embed App Extensions";
			runOnlyForDeploymentPostprocessing = 0;
		};
		AEFB4F0427830FC600169753 /* Embed Watch Content */ = {
			isa = PBXCopyFilesBuildPhase;
			buildActionMask = 2147483647;
			dstPath = "$(CONTENTS_FOLDER_PATH)/Watch";
			dstSubfolderSpec = 16;
			files = (
				AEFB4EE027830FC400169753 /* NotesApp WatchKit App.app in Embed Watch Content */,
			);
			name = "Embed Watch Content";
			runOnlyForDeploymentPostprocessing = 0;
		};
/* End PBXCopyFilesBuildPhase section */

/* Begin PBXFileReference section */
		AE3D3BDF2785A65E00B14636 /* DetailNote.swift */ = {isa = PBXFileReference; lastKnownFileType = sourcecode.swift; path = DetailNote.swift; sourceTree = "<group>"; };
		AE42867C278B27D6003352F8 /* Tools.swift */ = {isa = PBXFileReference; lastKnownFileType = sourcecode.swift; path = Tools.swift; sourceTree = "<group>"; };
		AEFB4EDB27830FC400169753 /* NotesApp.app */ = {isa = PBXFileReference; explicitFileType = wrapper.application; includeInIndex = 0; path = NotesApp.app; sourceTree = BUILT_PRODUCTS_DIR; };
		AEFB4EDF27830FC400169753 /* NotesApp WatchKit App.app */ = {isa = PBXFileReference; explicitFileType = wrapper.application; includeInIndex = 0; path = "NotesApp WatchKit App.app"; sourceTree = BUILT_PRODUCTS_DIR; };
		AEFB4EE427830FC500169753 /* Assets.xcassets */ = {isa = PBXFileReference; lastKnownFileType = folder.assetcatalog; path = Assets.xcassets; sourceTree = "<group>"; };
		AEFB4EEA27830FC500169753 /* NotesApp WatchKit Extension.appex */ = {isa = PBXFileReference; explicitFileType = "wrapper.app-extension"; includeInIndex = 0; path = "NotesApp WatchKit Extension.appex"; sourceTree = BUILT_PRODUCTS_DIR; };
		AEFB4EEF27830FC500169753 /* ContentView.swift */ = {isa = PBXFileReference; lastKnownFileType = sourcecode.swift; path = ContentView.swift; sourceTree = "<group>"; };
		AEFB4EF127830FC500169753 /* NotesAppApp.swift */ = {isa = PBXFileReference; lastKnownFileType = sourcecode.swift; path = NotesAppApp.swift; sourceTree = "<group>"; };
		AEFB4EF327830FC500169753 /* ComplicationController.swift */ = {isa = PBXFileReference; lastKnownFileType = sourcecode.swift; path = ComplicationController.swift; sourceTree = "<group>"; };
		AEFB4EF527830FC600169753 /* Assets.xcassets */ = {isa = PBXFileReference; lastKnownFileType = folder.assetcatalog; path = Assets.xcassets; sourceTree = "<group>"; };
		AEFB4EF827830FC600169753 /* Preview Assets.xcassets */ = {isa = PBXFileReference; lastKnownFileType = folder.assetcatalog; path = "Preview Assets.xcassets"; sourceTree = "<group>"; };
		AEFB4EFA27830FC600169753 /* Info.plist */ = {isa = PBXFileReference; lastKnownFileType = text.plist.xml; path = Info.plist; sourceTree = "<group>"; };
		AEFB4F08278319FC00169753 /* Note.swift */ = {isa = PBXFileReference; lastKnownFileType = sourcecode.swift; path = Note.swift; sourceTree = "<group>"; };
		AEFB4F0A27831F2C00169753 /* AddNote.swift */ = {isa = PBXFileReference; lastKnownFileType = sourcecode.swift; path = AddNote.swift; sourceTree = "<group>"; };
		AEFB4F0C27834ADD00169753 /* ListNotes.swift */ = {isa = PBXFileReference; lastKnownFileType = sourcecode.swift; path = ListNotes.swift; sourceTree = "<group>"; };
/* End PBXFileReference section */

/* Begin PBXFrameworksBuildPhase section */
		AEFB4EE727830FC500169753 /* Frameworks */ = {
			isa = PBXFrameworksBuildPhase;
			buildActionMask = 2147483647;
			files = (
			);
			runOnlyForDeploymentPostprocessing = 0;
		};
/* End PBXFrameworksBuildPhase section */

/* Begin PBXGroup section */
		AEFB4ED427830FC400169753 = {
			isa = PBXGroup;
			children = (
				AE42867C278B27D6003352F8 /* Tools.swift */,
				AE3D3BDF2785A65E00B14636 /* DetailNote.swift */,
				AEFB4F0C27834ADD00169753 /* ListNotes.swift */,
				AEFB4F0A27831F2C00169753 /* AddNote.swift */,
				AEFB4F08278319FC00169753 /* Note.swift */,
				AEFB4EE327830FC400169753 /* NotesApp WatchKit App */,
				AEFB4EEE27830FC500169753 /* NotesApp WatchKit Extension */,
				AEFB4EDC27830FC400169753 /* Products */,
			);
			sourceTree = "<group>";
		};
		AEFB4EDC27830FC400169753 /* Products */ = {
			isa = PBXGroup;
			children = (
				AEFB4EDB27830FC400169753 /* NotesApp.app */,
				AEFB4EDF27830FC400169753 /* NotesApp WatchKit App.app */,
				AEFB4EEA27830FC500169753 /* NotesApp WatchKit Extension.appex */,
			);
			name = Products;
			sourceTree = "<group>";
		};
		AEFB4EE327830FC400169753 /* NotesApp WatchKit App */ = {
			isa = PBXGroup;
			children = (
				AEFB4EE427830FC500169753 /* Assets.xcassets */,
			);
			path = "NotesApp WatchKit App";
			sourceTree = "<group>";
		};
		AEFB4EEE27830FC500169753 /* NotesApp WatchKit Extension */ = {
			isa = PBXGroup;
			children = (
				AEFB4EEF27830FC500169753 /* ContentView.swift */,
				AEFB4EF127830FC500169753 /* NotesAppApp.swift */,
				AEFB4EF327830FC500169753 /* ComplicationController.swift */,
				AEFB4EF527830FC600169753 /* Assets.xcassets */,
				AEFB4EFA27830FC600169753 /* Info.plist */,
				AEFB4EF727830FC600169753 /* Preview Content */,
			);
			path = "NotesApp WatchKit Extension";
			sourceTree = "<group>";
		};
		AEFB4EF727830FC600169753 /* Preview Content */ = {
			isa = PBXGroup;
			children = (
				AEFB4EF827830FC600169753 /* Preview Assets.xcassets */,
			);
			path = "Preview Content";
			sourceTree = "<group>";
		};
/* End PBXGroup section */

/* Begin PBXNativeTarget section */
		AEFB4EDA27830FC400169753 /* NotesApp */ = {
			isa = PBXNativeTarget;
			buildConfigurationList = AEFB4F0527830FC600169753 /* Build configuration list for PBXNativeTarget "NotesApp" */;
			buildPhases = (
				AEFB4ED927830FC400169753 /* Resources */,
				AEFB4F0427830FC600169753 /* Embed Watch Content */,
			);
			buildRules = (
			);
			dependencies = (
				AEFB4EE227830FC400169753 /* PBXTargetDependency */,
			);
			name = NotesApp;
			productName = NotesApp;
			productReference = AEFB4EDB27830FC400169753 /* NotesApp.app */;
			productType = "com.apple.product-type.application.watchapp2-container";
		};
		AEFB4EDE27830FC400169753 /* NotesApp WatchKit App */ = {
			isa = PBXNativeTarget;
			buildConfigurationList = AEFB4F0127830FC600169753 /* Build configuration list for PBXNativeTarget "NotesApp WatchKit App" */;
			buildPhases = (
				AEFB4EDD27830FC400169753 /* Resources */,
				AEFB4F0027830FC600169753 /* Embed App Extensions */,
			);
			buildRules = (
			);
			dependencies = (
				AEFB4EED27830FC500169753 /* PBXTargetDependency */,
			);
			name = "NotesApp WatchKit App";
			productName = "NotesApp WatchKit App";
			productReference = AEFB4EDF27830FC400169753 /* NotesApp WatchKit App.app */;
			productType = "com.apple.product-type.application.watchapp2";
		};
		AEFB4EE927830FC500169753 /* NotesApp WatchKit Extension */ = {
			isa = PBXNativeTarget;
			buildConfigurationList = AEFB4EFD27830FC600169753 /* Build configuration list for PBXNativeTarget "NotesApp WatchKit Extension" */;
			buildPhases = (
				AEFB4EE627830FC500169753 /* Sources */,
				AEFB4EE727830FC500169753 /* Frameworks */,
				AEFB4EE827830FC500169753 /* Resources */,
			);
			buildRules = (
			);
			dependencies = (
			);
			name = "NotesApp WatchKit Extension";
			productName = "NotesApp WatchKit Extension";
			productReference = AEFB4EEA27830FC500169753 /* NotesApp WatchKit Extension.appex */;
			productType = "com.apple.product-type.watchkit2-extension";
		};
/* End PBXNativeTarget section */

/* Begin PBXProject section */
		AEFB4ED527830FC400169753 /* Project object */ = {
			isa = PBXProject;
			attributes = {
				BuildIndependentTargetsInParallel = 1;
				LastSwiftUpdateCheck = 1320;
				LastUpgradeCheck = 1320;
				TargetAttributes = {
					AEFB4EDA27830FC400169753 = {
						CreatedOnToolsVersion = 13.2.1;
					};
					AEFB4EDE27830FC400169753 = {
						CreatedOnToolsVersion = 13.2.1;
					};
					AEFB4EE927830FC500169753 = {
						CreatedOnToolsVersion = 13.2.1;
					};
				};
			};
			buildConfigurationList = AEFB4ED827830FC400169753 /* Build configuration list for PBXProject "NotesApp" */;
			compatibilityVersion = "Xcode 13.0";
			developmentRegion = en;
			hasScannedForEncodings = 0;
			knownRegions = (
				en,
				Base,
			);
			mainGroup = AEFB4ED427830FC400169753;
			productRefGroup = AEFB4EDC27830FC400169753 /* Products */;
			projectDirPath = "";
			projectRoot = "";
			targets = (
				AEFB4EDA27830FC400169753 /* NotesApp */,
				AEFB4EDE27830FC400169753 /* NotesApp WatchKit App */,
				AEFB4EE927830FC500169753 /* NotesApp WatchKit Extension */,
			);
		};
/* End PBXProject section */

/* Begin PBXResourcesBuildPhase section */
		AEFB4ED927830FC400169753 /* Resources */ = {
			isa = PBXResourcesBuildPhase;
			buildActionMask = 2147483647;
			files = (
			);
			runOnlyForDeploymentPostprocessing = 0;
		};
		AEFB4EDD27830FC400169753 /* Resources */ = {
			isa = PBXResourcesBuildPhase;
			buildActionMask = 2147483647;
			files = (
				AEFB4EE527830FC500169753 /* Assets.xcassets in Resources */,
			);
			runOnlyForDeploymentPostprocessing = 0;
		};
		AEFB4EE827830FC500169753 /* Resources */ = {
			isa = PBXResourcesBuildPhase;
			buildActionMask = 2147483647;
			files = (
				AEFB4EF927830FC600169753 /* Preview Assets.xcassets in Resources */,
				AEFB4EF627830FC600169753 /* Assets.xcassets in Resources */,
			);
			runOnlyForDeploymentPostprocessing = 0;
		};
/* End PBXResourcesBuildPhase section */

/* Begin PBXSourcesBuildPhase section */
		AEFB4EE627830FC500169753 /* Sources */ = {
			isa = PBXSourcesBuildPhase;
			buildActionMask = 2147483647;
			files = (
				AEFB4F0B27831F2C00169753 /* AddNote.swift in Sources */,
				AEFB4EF027830FC500169753 /* ContentView.swift in Sources */,
				AEFB4EF227830FC500169753 /* NotesAppApp.swift in Sources */,
				AEFB4EF427830FC500169753 /* ComplicationController.swift in Sources */,
				AE3D3BE02785A65E00B14636 /* DetailNote.swift in Sources */,
				AEFB4F09278319FC00169753 /* Note.swift in Sources */,
				AEFB4F0D27834ADD00169753 /* ListNotes.swift in Sources */,
				AE42867D278B27D6003352F8 /* Tools.swift in Sources */,
			);
			runOnlyForDeploymentPostprocessing = 0;
		};
/* End PBXSourcesBuildPhase section */

/* Begin PBXTargetDependency section */
		AEFB4EE227830FC400169753 /* PBXTargetDependency */ = {
			isa = PBXTargetDependency;
			target = AEFB4EDE27830FC400169753 /* NotesApp WatchKit App */;
			targetProxy = AEFB4EE127830FC400169753 /* PBXContainerItemProxy */;
		};
		AEFB4EED27830FC500169753 /* PBXTargetDependency */ = {
			isa = PBXTargetDependency;
			target = AEFB4EE927830FC500169753 /* NotesApp WatchKit Extension */;
			targetProxy = AEFB4EEC27830FC500169753 /* PBXContainerItemProxy */;
		};
/* End PBXTargetDependency section */

/* Begin XCBuildConfiguration section */
		AEFB4EFB27830FC600169753 /* Debug */ = {
			isa = XCBuildConfiguration;
			buildSettings = {
				ALWAYS_SEARCH_USER_PATHS = NO;
				CLANG_ANALYZER_NONNULL = YES;
				CLANG_ANALYZER_NUMBER_OBJECT_CONVERSION = YES_AGGRESSIVE;
				CLANG_CXX_LANGUAGE_STANDARD = "gnu++17";
				CLANG_CXX_LIBRARY = "libc++";
				CLANG_ENABLE_MODULES = YES;
				CLANG_ENABLE_OBJC_ARC = YES;
				CLANG_ENABLE_OBJC_WEAK = YES;
				CLANG_WARN_BLOCK_CAPTURE_AUTORELEASING = YES;
				CLANG_WARN_BOOL_CONVERSION = YES;
				CLANG_WARN_COMMA = YES;
				CLANG_WARN_CONSTANT_CONVERSION = YES;
				CLANG_WARN_DEPRECATED_OBJC_IMPLEMENTATIONS = YES;
				CLANG_WARN_DIRECT_OBJC_ISA_USAGE = YES_ERROR;
				CLANG_WARN_DOCUMENTATION_COMMENTS = YES;
				CLANG_WARN_EMPTY_BODY = YES;
				CLANG_WARN_ENUM_CONVERSION = YES;
				CLANG_WARN_INFINITE_RECURSION = YES;
				CLANG_WARN_INT_CONVERSION = YES;
				CLANG_WARN_NON_LITERAL_NULL_CONVERSION = YES;
				CLANG_WARN_OBJC_IMPLICIT_RETAIN_SELF = YES;
				CLANG_WARN_OBJC_LITERAL_CONVERSION = YES;
				CLANG_WARN_OBJC_ROOT_CLASS = YES_ERROR;
				CLANG_WARN_QUOTED_INCLUDE_IN_FRAMEWORK_HEADER = YES;
				CLANG_WARN_RANGE_LOOP_ANALYSIS = YES;
				CLANG_WARN_STRICT_PROTOTYPES = YES;
				CLANG_WARN_SUSPICIOUS_MOVE = YES;
				CLANG_WARN_UNGUARDED_AVAILABILITY = YES_AGGRESSIVE;
				CLANG_WARN_UNREACHABLE_CODE = YES;
				CLANG_WARN__DUPLICATE_METHOD_MATCH = YES;
				COPY_PHASE_STRIP = NO;
				DEBUG_INFORMATION_FORMAT = dwarf;
				ENABLE_STRICT_OBJC_MSGSEND = YES;
				ENABLE_TESTABILITY = YES;
				GCC_C_LANGUAGE_STANDARD = gnu11;
				GCC_DYNAMIC_NO_PIC = NO;
				GCC_NO_COMMON_BLOCKS = YES;
				GCC_OPTIMIZATION_LEVEL = 0;
				GCC_PREPROCESSOR_DEFINITIONS = (
					"DEBUG=1",
					"$(inherited)",
				);
				GCC_WARN_64_TO_32_BIT_CONVERSION = YES;
				GCC_WARN_ABOUT_RETURN_TYPE = YES_ERROR;
				GCC_WARN_UNDECLARED_SELECTOR = YES;
				GCC_WARN_UNINITIALIZED_AUTOS = YES_AGGRESSIVE;
				GCC_WARN_UNUSED_FUNCTION = YES;
				GCC_WARN_UNUSED_VARIABLE = YES;
				MTL_ENABLE_DEBUG_INFO = INCLUDE_SOURCE;
				MTL_FAST_MATH = YES;
				ONLY_ACTIVE_ARCH = YES;
				SDKROOT = iphoneos;
				SWIFT_ACTIVE_COMPILATION_CONDITIONS = DEBUG;
				SWIFT_OPTIMIZATION_LEVEL = "-Onone";
			};
			name = Debug;
		};
		AEFB4EFC27830FC600169753 /* Release */ = {
			isa = XCBuildConfiguration;
			buildSettings = {
				ALWAYS_SEARCH_USER_PATHS = NO;
				CLANG_ANALYZER_NONNULL = YES;
				CLANG_ANALYZER_NUMBER_OBJECT_CONVERSION = YES_AGGRESSIVE;
				CLANG_CXX_LANGUAGE_STANDARD = "gnu++17";
				CLANG_CXX_LIBRARY = "libc++";
				CLANG_ENABLE_MODULES = YES;
				CLANG_ENABLE_OBJC_ARC = YES;
				CLANG_ENABLE_OBJC_WEAK = YES;
				CLANG_WARN_BLOCK_CAPTURE_AUTORELEASING = YES;
				CLANG_WARN_BOOL_CONVERSION = YES;
				CLANG_WARN_COMMA = YES;
				CLANG_WARN_CONSTANT_CONVERSION = YES;
				CLANG_WARN_DEPRECATED_OBJC_IMPLEMENTATIONS = YES;
				CLANG_WARN_DIRECT_OBJC_ISA_USAGE = YES_ERROR;
				CLANG_WARN_DOCUMENTATION_COMMENTS = YES;
				CLANG_WARN_EMPTY_BODY = YES;
				CLANG_WARN_ENUM_CONVERSION = YES;
				CLANG_WARN_INFINITE_RECURSION = YES;
				CLANG_WARN_INT_CONVERSION = YES;
				CLANG_WARN_NON_LITERAL_NULL_CONVERSION = YES;
				CLANG_WARN_OBJC_IMPLICIT_RETAIN_SELF = YES;
				CLANG_WARN_OBJC_LITERAL_CONVERSION = YES;
				CLANG_WARN_OBJC_ROOT_CLASS = YES_ERROR;
				CLANG_WARN_QUOTED_INCLUDE_IN_FRAMEWORK_HEADER = YES;
				CLANG_WARN_RANGE_LOOP_ANALYSIS = YES;
				CLANG_WARN_STRICT_PROTOTYPES = YES;
				CLANG_WARN_SUSPICIOUS_MOVE = YES;
				CLANG_WARN_UNGUARDED_AVAILABILITY = YES_AGGRESSIVE;
				CLANG_WARN_UNREACHABLE_CODE = YES;
				CLANG_WARN__DUPLICATE_METHOD_MATCH = YES;
				COPY_PHASE_STRIP = NO;
				DEBUG_INFORMATION_FORMAT = "dwarf-with-dsym";
				ENABLE_NS_ASSERTIONS = NO;
				ENABLE_STRICT_OBJC_MSGSEND = YES;
				GCC_C_LANGUAGE_STANDARD = gnu11;
				GCC_NO_COMMON_BLOCKS = YES;
				GCC_WARN_64_TO_32_BIT_CONVERSION = YES;
				GCC_WARN_ABOUT_RETURN_TYPE = YES_ERROR;
				GCC_WARN_UNDECLARED_SELECTOR = YES;
				GCC_WARN_UNINITIALIZED_AUTOS = YES_AGGRESSIVE;
				GCC_WARN_UNUSED_FUNCTION = YES;
				GCC_WARN_UNUSED_VARIABLE = YES;
				MTL_ENABLE_DEBUG_INFO = NO;
				MTL_FAST_MATH = YES;
				SDKROOT = iphoneos;
				SWIFT_COMPILATION_MODE = wholemodule;
				SWIFT_OPTIMIZATION_LEVEL = "-O";
				VALIDATE_PRODUCT = YES;
			};
			name = Release;
		};
		AEFB4EFE27830FC600169753 /* Debug */ = {
			isa = XCBuildConfiguration;
			buildSettings = {
				ASSETCATALOG_COMPILER_COMPLICATION_NAME = Complication;
				CODE_SIGN_STYLE = Automatic;
				CURRENT_PROJECT_VERSION = 1;
				DEVELOPMENT_ASSET_PATHS = "\"NotesApp WatchKit Extension/Preview Content\"";
				DEVELOPMENT_TEAM = BU5UF762GK;
				ENABLE_PREVIEWS = YES;
				GENERATE_INFOPLIST_FILE = YES;
				INFOPLIST_FILE = "NotesApp WatchKit Extension/Info.plist";
				INFOPLIST_KEY_CFBundleDisplayName = "NotesApp WatchKit Extension";
				INFOPLIST_KEY_CLKComplicationPrincipalClass = "$(PRODUCT_MODULE_NAME).ComplicationController";
				INFOPLIST_KEY_NSHumanReadableCopyright = "";
				INFOPLIST_KEY_WKWatchOnly = YES;
				LD_RUNPATH_SEARCH_PATHS = (
					"$(inherited)",
					"@executable_path/Frameworks",
					"@executable_path/../../Frameworks",
				);
				MARKETING_VERSION = 1.0;
				PRODUCT_BUNDLE_IDENTIFIER = com.egnapolo.NotesApp.watchkitapp.watchkitextension;
				PRODUCT_NAME = "${TARGET_NAME}";
				SDKROOT = watchos;
				SKIP_INSTALL = YES;
				SWIFT_EMIT_LOC_STRINGS = YES;
				SWIFT_VERSION = 5.0;
				TARGETED_DEVICE_FAMILY = 4;
				WATCHOS_DEPLOYMENT_TARGET = 8.3;
			};
			name = Debug;
		};
		AEFB4EFF27830FC600169753 /* Release */ = {
			isa = XCBuildConfiguration;
			buildSettings = {
				ASSETCATALOG_COMPILER_COMPLICATION_NAME = Complication;
				CODE_SIGN_STYLE = Automatic;
				CURRENT_PROJECT_VERSION = 1;
				DEVELOPMENT_ASSET_PATHS = "\"NotesApp WatchKit Extension/Preview Content\"";
				DEVELOPMENT_TEAM = BU5UF762GK;
				ENABLE_PREVIEWS = YES;
				GENERATE_INFOPLIST_FILE = YES;
				INFOPLIST_FILE = "NotesApp WatchKit Extension/Info.plist";
				INFOPLIST_KEY_CFBundleDisplayName = "NotesApp WatchKit Extension";
				INFOPLIST_KEY_CLKComplicationPrincipalClass = "$(PRODUCT_MODULE_NAME).ComplicationController";
				INFOPLIST_KEY_NSHumanReadableCopyright = "";
				INFOPLIST_KEY_WKWatchOnly = YES;
				LD_RUNPATH_SEARCH_PATHS = (
					"$(inherited)",
					"@executable_path/Frameworks",
					"@executable_path/../../Frameworks",
				);
				MARKETING_VERSION = 1.0;
				PRODUCT_BUNDLE_IDENTIFIER = com.egnapolo.NotesApp.watchkitapp.watchkitextension;
				PRODUCT_NAME = "${TARGET_NAME}";
				SDKROOT = watchos;
				SKIP_INSTALL = YES;
				SWIFT_EMIT_LOC_STRINGS = YES;
				SWIFT_VERSION = 5.0;
				TARGETED_DEVICE_FAMILY = 4;
				WATCHOS_DEPLOYMENT_TARGET = 8.3;
			};
			name = Release;
		};
		AEFB4F0227830FC600169753 /* Debug */ = {
			isa = XCBuildConfiguration;
			buildSettings = {
				ALWAYS_EMBED_SWIFT_STANDARD_LIBRARIES = YES;
				ASSETCATALOG_COMPILER_APPICON_NAME = AppIcon;
				ASSETCATALOG_COMPILER_GLOBAL_ACCENT_COLOR_NAME = AccentColor;
				CODE_SIGN_STYLE = Automatic;
				CURRENT_PROJECT_VERSION = 1;
				DEVELOPMENT_TEAM = BU5UF762GK;
				GENERATE_INFOPLIST_FILE = YES;
				IBSC_MODULE = NotesApp_WatchKit_Extension;
				INFOPLIST_KEY_CFBundleDisplayName = "NotesApp WatchKit App";
				INFOPLIST_KEY_UISupportedInterfaceOrientations = "UIInterfaceOrientationPortrait UIInterfaceOrientationPortraitUpsideDown";
				MARKETING_VERSION = 1.0;
				PRODUCT_BUNDLE_IDENTIFIER = com.egnapolo.NotesApp.watchkitapp;
				PRODUCT_NAME = "$(TARGET_NAME)";
				SDKROOT = watchos;
				SKIP_INSTALL = YES;
				SWIFT_EMIT_LOC_STRINGS = YES;
				SWIFT_VERSION = 5.0;
				TARGETED_DEVICE_FAMILY = 4;
				WATCHOS_DEPLOYMENT_TARGET = 8.3;
			};
			name = Debug;
		};
		AEFB4F0327830FC600169753 /* Release */ = {
			isa = XCBuildConfiguration;
			buildSettings = {
				ALWAYS_EMBED_SWIFT_STANDARD_LIBRARIES = YES;
				ASSETCATALOG_COMPILER_APPICON_NAME = AppIcon;
				ASSETCATALOG_COMPILER_GLOBAL_ACCENT_COLOR_NAME = AccentColor;
				CODE_SIGN_STYLE = Automatic;
				CURRENT_PROJECT_VERSION = 1;
				DEVELOPMENT_TEAM = BU5UF762GK;
				GENERATE_INFOPLIST_FILE = YES;
				IBSC_MODULE = NotesApp_WatchKit_Extension;
				INFOPLIST_KEY_CFBundleDisplayName = "NotesApp WatchKit App";
				INFOPLIST_KEY_UISupportedInterfaceOrientations = "UIInterfaceOrientationPortrait UIInterfaceOrientationPortraitUpsideDown";
				MARKETING_VERSION = 1.0;
				PRODUCT_BUNDLE_IDENTIFIER = com.egnapolo.NotesApp.watchkitapp;
				PRODUCT_NAME = "$(TARGET_NAME)";
				SDKROOT = watchos;
				SKIP_INSTALL = YES;
				SWIFT_EMIT_LOC_STRINGS = YES;
				SWIFT_VERSION = 5.0;
				TARGETED_DEVICE_FAMILY = 4;
				WATCHOS_DEPLOYMENT_TARGET = 8.3;
			};
			name = Release;
		};
		AEFB4F0627830FC600169753 /* Debug */ = {
			isa = XCBuildConfiguration;
			buildSettings = {
				CODE_SIGN_STYLE = Automatic;
				CURRENT_PROJECT_VERSION = 1;
				DEVELOPMENT_TEAM = BU5UF762GK;
				MARKETING_VERSION = 1.0;
				PRODUCT_BUNDLE_IDENTIFIER = com.egnapolo.NotesApp;
				PRODUCT_NAME = "$(TARGET_NAME)";
				SWIFT_VERSION = 5.0;
			};
			name = Debug;
		};
		AEFB4F0727830FC600169753 /* Release */ = {
			isa = XCBuildConfiguration;
			buildSettings = {
				CODE_SIGN_STYLE = Automatic;
				CURRENT_PROJECT_VERSION = 1;
				DEVELOPMENT_TEAM = BU5UF762GK;
				MARKETING_VERSION = 1.0;
				PRODUCT_BUNDLE_IDENTIFIER = com.egnapolo.NotesApp;
				PRODUCT_NAME = "$(TARGET_NAME)";
				SWIFT_VERSION = 5.0;
			};
			name = Release;
		};
/* End XCBuildConfiguration section */

/* Begin XCConfigurationList section */
		AEFB4ED827830FC400169753 /* Build configuration list for PBXProject "NotesApp" */ = {
			isa = XCConfigurationList;
			buildConfigurations = (
				AEFB4EFB27830FC600169753 /* Debug */,
				AEFB4EFC27830FC600169753 /* Release */,
			);
			defaultConfigurationIsVisible = 0;
			defaultConfigurationName = Release;
		};
		AEFB4EFD27830FC600169753 /* Build configuration list for PBXNativeTarget "NotesApp WatchKit Extension" */ = {
			isa = XCConfigurationList;
			buildConfigurations = (
				AEFB4EFE27830FC600169753 /* Debug */,
				AEFB4EFF27830FC600169753 /* Release */,
			);
			defaultConfigurationIsVisible = 0;
			defaultConfigurationName = Release;
		};
		AEFB4F0127830FC600169753 /* Build configuration list for PBXNativeTarget "NotesApp WatchKit App" */ = {
			isa = XCConfigurationList;
			buildConfigurations = (
				AEFB4F0227830FC600169753 /* Debug */,
				AEFB4F0327830FC600169753 /* Release */,
			);
			defaultConfigurationIsVisible = 0;
			defaultConfigurationName = Release;
		};
		AEFB4F0527830FC600169753 /* Build configuration list for PBXNativeTarget "NotesApp" */ = {
			isa = XCConfigurationList;
			buildConfigurations = (
				AEFB4F0627830FC600169753 /* Debug */,
				AEFB4F0727830FC600169753 /* Release */,
			);
			defaultConfigurationIsVisible = 0;
			defaultConfigurationName = Release;
		};
/* End XCConfigurationList section */
	};
	rootObject = AEFB4ED527830FC400169753 /* Project object */;
}
